
Microsoft Visual Studio Solution File, Format Version 12.00
# Visual Studio 14
VisualStudioVersion = 14.0.23107.0
MinimumVisualStudioVersion = 10.0.40219.1
Project("{8BB2217D-0F2D-49D1-97BC-3654ED321F3B}") = "Mvc6.JQuery.Datatables", "src\Mvc6.JQuery.Datatables\Mvc6.JQuery.Datatables.xproj", "{FA56DBCA-3159-42A1-8837-C687B6ADC99A}"
EndProject
Project("{8BB2217D-0F2D-49D1-97BC-3654ED321F3B}") = "Mvc6.Jquery.DataTables.Test", "test\Mvc6.Jquery.DataTables.Tests\Mvc6.Jquery.DataTables.Test.xproj", "{5BF66569-3800-4EFB-A913-B6B8BC71EF58}"
EndProject
Project("{2150E333-8FDC-42A3-9474-1A3956D46DE8}") = "Solution Items", "Solution Items", "{4E9CE0F0-AC70-402A-AF9D-3EDD9D2EA40F}"
	ProjectSection(SolutionItems) = preProject
		build.cmd = build.cmd
		global.json = global.json
		makefile.shade = makefile.shade
	EndProjectSection
EndProject
Project("{8BB2217D-0F2D-49D1-97BC-3654ED321F3B}") = "UserManagement", "Sample\UserManagement\UserManagement.xproj", "{30ACE057-8ADD-45A5-B979-03162E1F5573}"
EndProject
Project("{8BB2217D-0F2D-49D1-97BC-3654ED321F3B}") = "heloworld", "heloworld\heloworld.xproj", "{0F07C0FE-1418-46CD-8563-A0E7D93C08F6}"
EndProject
Global
	GlobalSection(SolutionConfigurationPlatforms) = preSolution
		Debug|Any CPU = Debug|Any CPU
		Release|Any CPU = Release|Any CPU
	EndGlobalSection
	GlobalSection(ProjectConfigurationPlatforms) = postSolution
		{FA56DBCA-3159-42A1-8837-C687B6ADC99A}.Debug|Any CPU.ActiveCfg = Debug|Any CPU
		{FA56DBCA-3159-42A1-8837-C687B6ADC99A}.Debug|Any CPU.Build.0 = Debug|Any CPU
		{FA56DBCA-3159-42A1-8837-C687B6ADC99A}.Release|Any CPU.ActiveCfg = Release|Any CPU
		{FA56DBCA-3159-42A1-8837-C687B6ADC99A}.Release|Any CPU.Build.0 = Release|Any CPU
		{5BF66569-3800-4EFB-A913-B6B8BC71EF58}.Debug|Any CPU.ActiveCfg = Debug|Any CPU
		{5BF66569-3800-4EFB-A913-B6B8BC71EF58}.Debug|Any CPU.Build.0 = Debug|Any CPU
		{5BF66569-3800-4EFB-A913-B6B8BC71EF58}.Release|Any CPU.ActiveCfg = Release|Any CPU
		{5BF66569-3800-4EFB-A913-B6B8BC71EF58}.Release|Any CPU.Build.0 = Release|Any CPU
		{30ACE057-8ADD-45A5-B979-03162E1F5573}.Debug|Any CPU.ActiveCfg = Debug|Any CPU
		{30ACE057-8ADD-45A5-B979-03162E1F5573}.Debug|Any CPU.Build.0 = Debug|Any CPU
		{30ACE057-8ADD-45A5-B979-03162E1F5573}.Release|Any CPU.ActiveCfg = Release|Any CPU
		{30ACE057-8ADD-45A5-B979-03162E1F5573}.Release|Any CPU.Build.0 = Release|Any CPU
		{0F07C0FE-1418-46CD-8563-A0E7D93C08F6}.Debug|Any CPU.ActiveCfg = Debug|Any CPU
		{0F07C0FE-1418-46CD-8563-A0E7D93C08F6}.Debug|Any CPU.Build.0 = Debug|Any CPU
		{0F07C0FE-1418-46CD-8563-A0E7D93C08F6}.Release|Any CPU.ActiveCfg = Release|Any CPU
		{0F07C0FE-1418-46CD-8563-A0E7D93C08F6}.Release|Any CPU.Build.0 = Release|Any CPU
	EndGlobalSection
	GlobalSection(SolutionProperties) = preSolution
		HideSolutionNode = FALSE
	EndGlobalSection
EndGlobal
